
Microsoft Visual Studio Solution File, Format Version 12.00
# Visual Studio Version 17
VisualStudioVersion = 17.8.34309.116
MinimumVisualStudioVersion = 10.0.40219.1
Project("{FAE04EC0-301F-11D3-BF4B-00C04F79EFBC}") = "LuminarsTraining", "LuminarsTraining\LuminarsTraining.csproj", "{559FD64B-8EFA-4D8B-B102-62827D3447BA}"
EndProject
Global
	GlobalSection(SolutionConfigurationPlatforms) = preSolution
		Debug|Any CPU = Debug|Any CPU
		Release|Any CPU = Release|Any CPU
	EndGlobalSection
	GlobalSection(ProjectConfigurationPlatforms) = postSolution
		{559FD64B-8EFA-4D8B-B102-62827D3447BA}.Debug|Any CPU.ActiveCfg = Debug|Any CPU
		{559FD64B-8EFA-4D8B-B102-62827D3447BA}.Debug|Any CPU.Build.0 = Debug|Any CPU
		{559FD64B-8EFA-4D8B-B102-62827D3447BA}.Release|Any CPU.ActiveCfg = Release|Any CPU
		{559FD64B-8EFA-4D8B-B102-62827D3447BA}.Release|Any CPU.Build.0 = Release|Any CPU
	EndGlobalSection
	GlobalSection(SolutionProperties) = preSolution
		HideSolutionNode = FALSE
	EndGlobalSection
	GlobalSection(ExtensibilityGlobals) = postSolution
		SolutionGuid = {3FD7E401-51F3-4230-AED9-E648B6F8B12A}
	EndGlobalSection
EndGlobal
